
Microsoft Visual Studio Solution File, Format Version 12.00
# Visual Studio Version 16
VisualStudioVersion = 16.0.29519.87
MinimumVisualStudioVersion = 10.0.40219.1
Project("{9A19103F-16F7-4668-BE54-9A1E7A4F7556}") = "eThreadingBar.WebAPI", "eThreadingBar.WebAPI\eThreadingBar.WebAPI.csproj", "{25C12257-DD2E-4F30-A401-E6D17E266EA2}"
EndProject
Project("{9A19103F-16F7-4668-BE54-9A1E7A4F7556}") = "eThreadingBar.Model", "eThreadingBar.Model\eThreadingBar.Model.csproj", "{FEE3E185-BA82-4C21-AA1E-00D892530EE9}"
EndProject
Project("{2150E333-8FDC-42A3-9474-1A3956D46DE8}") = "UI", "UI", "{67187DC5-207E-4E63-AF4F-F92512E27B11}"
EndProject
Project("{FAE04EC0-301F-11D3-BF4B-00C04F79EFBC}") = "eThreadingBar.WinUI", "eThreadingBar.WinUI\eThreadingBar.WinUI.csproj", "{F85EACED-FAF5-48C3-BFEE-C648A7907721}"
EndProject
Project("{2150E333-8FDC-42A3-9474-1A3956D46DE8}") = "eThreadingBar.Mobile", "eThreadingBar.Mobile", "{B8983543-639B-439F-A6DE-B4A9F2E83FC0}"
EndProject
Project("{FAE04EC0-301F-11D3-BF4B-00C04F79EFBC}") = "eThreadinBar.MobileApp1.UWP", "eThreadinBar.MobileApp1\eThreadinBar.MobileApp1.UWP\eThreadinBar.MobileApp1.UWP.csproj", "{35185128-ECC3-4498-A517-95790E166307}"
EndProject
Project("{FAE04EC0-301F-11D3-BF4B-00C04F79EFBC}") = "eThreadinBar.MobileApp1.Android", "eThreadinBar.MobileApp1\eThreadinBar.MobileApp1.Android\eThreadinBar.MobileApp1.Android.csproj", "{BAB4A4FC-E95B-4B3B-B158-C2306A21C51A}"
EndProject
Project("{FAE04EC0-301F-11D3-BF4B-00C04F79EFBC}") = "eThreadinBar.MobileApp1.iOS", "eThreadinBar.MobileApp1\eThreadinBar.MobileApp1.iOS\eThreadinBar.MobileApp1.iOS.csproj", "{3FC205DC-9273-4382-884F-3F5A84E4D23A}"
EndProject
Project("{9A19103F-16F7-4668-BE54-9A1E7A4F7556}") = "eThreadinBar.MobileApp1", "eThreadinBar.MobileApp1\eThreadinBar.MobileApp1\eThreadinBar.MobileApp1.csproj", "{51DA4377-E16A-4A1F-B732-1549C12CA705}"
EndProject
Global
	GlobalSection(SolutionConfigurationPlatforms) = preSolution
		Debug|Any CPU = Debug|Any CPU
		Debug|ARM = Debug|ARM
		Debug|iPhone = Debug|iPhone
		Debug|iPhoneSimulator = Debug|iPhoneSimulator
		Debug|x64 = Debug|x64
		Debug|x86 = Debug|x86
		Release|Any CPU = Release|Any CPU
		Release|ARM = Release|ARM
		Release|iPhone = Release|iPhone
		Release|iPhoneSimulator = Release|iPhoneSimulator
		Release|x64 = Release|x64
		Release|x86 = Release|x86
	EndGlobalSection
	GlobalSection(ProjectConfigurationPlatforms) = postSolution
		{25C12257-DD2E-4F30-A401-E6D17E266EA2}.Debug|Any CPU.ActiveCfg = Debug|Any CPU
		{25C12257-DD2E-4F30-A401-E6D17E266EA2}.Debug|Any CPU.Build.0 = Debug|Any CPU
		{25C12257-DD2E-4F30-A401-E6D17E266EA2}.Debug|ARM.ActiveCfg = Debug|Any CPU
		{25C12257-DD2E-4F30-A401-E6D17E266EA2}.Debug|ARM.Build.0 = Debug|Any CPU
		{25C12257-DD2E-4F30-A401-E6D17E266EA2}.Debug|iPhone.ActiveCfg = Debug|Any CPU
		{25C12257-DD2E-4F30-A401-E6D17E266EA2}.Debug|iPhone.Build.0 = Debug|Any CPU
		{25C12257-DD2E-4F30-A401-E6D17E266EA2}.Debug|iPhoneSimulator.ActiveCfg = Debug|Any CPU
		{25C12257-DD2E-4F30-A401-E6D17E266EA2}.Debug|iPhoneSimulator.Build.0 = Debug|Any CPU
		{25C12257-DD2E-4F30-A401-E6D17E266EA2}.Debug|x64.ActiveCfg = Debug|Any CPU
		{25C12257-DD2E-4F30-A401-E6D17E266EA2}.Debug|x64.Build.0 = Debug|Any CPU
		{25C12257-DD2E-4F30-A401-E6D17E266EA2}.Debug|x86.ActiveCfg = Debug|Any CPU
		{25C12257-DD2E-4F30-A401-E6D17E266EA2}.Debug|x86.Build.0 = Debug|Any CPU
		{25C12257-DD2E-4F30-A401-E6D17E266EA2}.Release|Any CPU.ActiveCfg = Release|Any CPU
		{25C12257-DD2E-4F30-A401-E6D17E266EA2}.Release|Any CPU.Build.0 = Release|Any CPU
		{25C12257-DD2E-4F30-A401-E6D17E266EA2}.Release|ARM.ActiveCfg = Release|Any CPU
		{25C12257-DD2E-4F30-A401-E6D17E266EA2}.Release|ARM.Build.0 = Release|Any CPU
		{25C12257-DD2E-4F30-A401-E6D17E266EA2}.Release|iPhone.ActiveCfg = Release|Any CPU
		{25C12257-DD2E-4F30-A401-E6D17E266EA2}.Release|iPhone.Build.0 = Release|Any CPU
		{25C12257-DD2E-4F30-A401-E6D17E266EA2}.Release|iPhoneSimulator.ActiveCfg = Release|Any CPU
		{25C12257-DD2E-4F30-A401-E6D17E266EA2}.Release|iPhoneSimulator.Build.0 = Release|Any CPU
		{25C12257-DD2E-4F30-A401-E6D17E266EA2}.Release|x64.ActiveCfg = Release|Any CPU
		{25C12257-DD2E-4F30-A401-E6D17E266EA2}.Release|x64.Build.0 = Release|Any CPU
		{25C12257-DD2E-4F30-A401-E6D17E266EA2}.Release|x86.ActiveCfg = Release|Any CPU
		{25C12257-DD2E-4F30-A401-E6D17E266EA2}.Release|x86.Build.0 = Release|Any CPU
		{FEE3E185-BA82-4C21-AA1E-00D892530EE9}.Debug|Any CPU.ActiveCfg = Debug|Any CPU
		{FEE3E185-BA82-4C21-AA1E-00D892530EE9}.Debug|Any CPU.Build.0 = Debug|Any CPU
		{FEE3E185-BA82-4C21-AA1E-00D892530EE9}.Debug|ARM.ActiveCfg = Debug|Any CPU
		{FEE3E185-BA82-4C21-AA1E-00D892530EE9}.Debug|ARM.Build.0 = Debug|Any CPU
		{FEE3E185-BA82-4C21-AA1E-00D892530EE9}.Debug|iPhone.ActiveCfg = Debug|Any CPU
		{FEE3E185-BA82-4C21-AA1E-00D892530EE9}.Debug|iPhone.Build.0 = Debug|Any CPU
		{FEE3E185-BA82-4C21-AA1E-00D892530EE9}.Debug|iPhoneSimulator.ActiveCfg = Debug|Any CPU
		{FEE3E185-BA82-4C21-AA1E-00D892530EE9}.Debug|iPhoneSimulator.Build.0 = Debug|Any CPU
		{FEE3E185-BA82-4C21-AA1E-00D892530EE9}.Debug|x64.ActiveCfg = Debug|Any CPU
		{FEE3E185-BA82-4C21-AA1E-00D892530EE9}.Debug|x64.Build.0 = Debug|Any CPU
		{FEE3E185-BA82-4C21-AA1E-00D892530EE9}.Debug|x86.ActiveCfg = Debug|Any CPU
		{FEE3E185-BA82-4C21-AA1E-00D892530EE9}.Debug|x86.Build.0 = Debug|Any CPU
		{FEE3E185-BA82-4C21-AA1E-00D892530EE9}.Release|Any CPU.ActiveCfg = Release|Any CPU
		{FEE3E185-BA82-4C21-AA1E-00D892530EE9}.Release|Any CPU.Build.0 = Release|Any CPU
		{FEE3E185-BA82-4C21-AA1E-00D892530EE9}.Release|ARM.ActiveCfg = Release|Any CPU
		{FEE3E185-BA82-4C21-AA1E-00D892530EE9}.Release|ARM.Build.0 = Release|Any CPU
		{FEE3E185-BA82-4C21-AA1E-00D892530EE9}.Release|iPhone.ActiveCfg = Release|Any CPU
		{FEE3E185-BA82-4C21-AA1E-00D892530EE9}.Release|iPhone.Build.0 = Release|Any CPU
		{FEE3E185-BA82-4C21-AA1E-00D892530EE9}.Release|iPhoneSimulator.ActiveCfg = Release|Any CPU
		{FEE3E185-BA82-4C21-AA1E-00D892530EE9}.Release|iPhoneSimulator.Build.0 = Release|Any CPU
		{FEE3E185-BA82-4C21-AA1E-00D892530EE9}.Release|x64.ActiveCfg = Release|Any CPU
		{FEE3E185-BA82-4C21-AA1E-00D892530EE9}.Release|x64.Build.0 = Release|Any CPU
		{FEE3E185-BA82-4C21-AA1E-00D892530EE9}.Release|x86.ActiveCfg = Release|Any CPU
		{FEE3E185-BA82-4C21-AA1E-00D892530EE9}.Release|x86.Build.0 = Release|Any CPU
		{F85EACED-FAF5-48C3-BFEE-C648A7907721}.Debug|Any CPU.ActiveCfg = Debug|Any CPU
		{F85EACED-FAF5-48C3-BFEE-C648A7907721}.Debug|Any CPU.Build.0 = Debug|Any CPU
		{F85EACED-FAF5-48C3-BFEE-C648A7907721}.Debug|ARM.ActiveCfg = Debug|Any CPU
		{F85EACED-FAF5-48C3-BFEE-C648A7907721}.Debug|ARM.Build.0 = Debug|Any CPU
		{F85EACED-FAF5-48C3-BFEE-C648A7907721}.Debug|iPhone.ActiveCfg = Debug|Any CPU
		{F85EACED-FAF5-48C3-BFEE-C648A7907721}.Debug|iPhone.Build.0 = Debug|Any CPU
		{F85EACED-FAF5-48C3-BFEE-C648A7907721}.Debug|iPhoneSimulator.ActiveCfg = Debug|Any CPU
		{F85EACED-FAF5-48C3-BFEE-C648A7907721}.Debug|iPhoneSimulator.Build.0 = Debug|Any CPU
		{F85EACED-FAF5-48C3-BFEE-C648A7907721}.Debug|x64.ActiveCfg = Debug|Any CPU
		{F85EACED-FAF5-48C3-BFEE-C648A7907721}.Debug|x64.Build.0 = Debug|Any CPU
		{F85EACED-FAF5-48C3-BFEE-C648A7907721}.Debug|x86.ActiveCfg = Debug|Any CPU
		{F85EACED-FAF5-48C3-BFEE-C648A7907721}.Debug|x86.Build.0 = Debug|Any CPU
		{F85EACED-FAF5-48C3-BFEE-C648A7907721}.Release|Any CPU.ActiveCfg = Release|Any CPU
		{F85EACED-FAF5-48C3-BFEE-C648A7907721}.Release|Any CPU.Build.0 = Release|Any CPU
		{F85EACED-FAF5-48C3-BFEE-C648A7907721}.Release|ARM.ActiveCfg = Release|Any CPU
		{F85EACED-FAF5-48C3-BFEE-C648A7907721}.Release|ARM.Build.0 = Release|Any CPU
		{F85EACED-FAF5-48C3-BFEE-C648A7907721}.Release|iPhone.ActiveCfg = Release|Any CPU
		{F85EACED-FAF5-48C3-BFEE-C648A7907721}.Release|iPhone.Build.0 = Release|Any CPU
		{F85EACED-FAF5-48C3-BFEE-C648A7907721}.Release|iPhoneSimulator.ActiveCfg = Release|Any CPU
		{F85EACED-FAF5-48C3-BFEE-C648A7907721}.Release|iPhoneSimulator.Build.0 = Release|Any CPU
		{F85EACED-FAF5-48C3-BFEE-C648A7907721}.Release|x64.ActiveCfg = Release|Any CPU
		{F85EACED-FAF5-48C3-BFEE-C648A7907721}.Release|x64.Build.0 = Release|Any CPU
		{F85EACED-FAF5-48C3-BFEE-C648A7907721}.Release|x86.ActiveCfg = Release|Any CPU
		{F85EACED-FAF5-48C3-BFEE-C648A7907721}.Release|x86.Build.0 = Release|Any CPU
		{35185128-ECC3-4498-A517-95790E166307}.Debug|Any CPU.ActiveCfg = Debug|x86
		{35185128-ECC3-4498-A517-95790E166307}.Debug|ARM.ActiveCfg = Debug|ARM
		{35185128-ECC3-4498-A517-95790E166307}.Debug|ARM.Build.0 = Debug|ARM
		{35185128-ECC3-4498-A517-95790E166307}.Debug|ARM.Deploy.0 = Debug|ARM
		{35185128-ECC3-4498-A517-95790E166307}.Debug|iPhone.ActiveCfg = Debug|x86
		{35185128-ECC3-4498-A517-95790E166307}.Debug|iPhoneSimulator.ActiveCfg = Debug|x86
		{35185128-ECC3-4498-A517-95790E166307}.Debug|x64.ActiveCfg = Debug|x64
		{35185128-ECC3-4498-A517-95790E166307}.Debug|x64.Build.0 = Debug|x64
		{35185128-ECC3-4498-A517-95790E166307}.Debug|x64.Deploy.0 = Debug|x64
		{35185128-ECC3-4498-A517-95790E166307}.Debug|x86.ActiveCfg = Debug|x86
		{35185128-ECC3-4498-A517-95790E166307}.Debug|x86.Build.0 = Debug|x86
		{35185128-ECC3-4498-A517-95790E166307}.Debug|x86.Deploy.0 = Debug|x86
		{35185128-ECC3-4498-A517-95790E166307}.Release|Any CPU.ActiveCfg = Release|x86
		{35185128-ECC3-4498-A517-95790E166307}.Release|ARM.ActiveCfg = Release|ARM
		{35185128-ECC3-4498-A517-95790E166307}.Release|ARM.Build.0 = Release|ARM
		{35185128-ECC3-4498-A517-95790E166307}.Release|ARM.Deploy.0 = Release|ARM
		{35185128-ECC3-4498-A517-95790E166307}.Release|iPhone.ActiveCfg = Release|x86
		{35185128-ECC3-4498-A517-95790E166307}.Release|iPhoneSimulator.ActiveCfg = Release|x86
		{35185128-ECC3-4498-A517-95790E166307}.Release|x64.ActiveCfg = Release|x64
		{35185128-ECC3-4498-A517-95790E166307}.Release|x64.Build.0 = Release|x64
		{35185128-ECC3-4498-A517-95790E166307}.Release|x64.Deploy.0 = Release|x64
		{35185128-ECC3-4498-A517-95790E166307}.Release|x86.ActiveCfg = Release|x86
		{35185128-ECC3-4498-A517-95790E166307}.Release|x86.Build.0 = Release|x86
		{35185128-ECC3-4498-A517-95790E166307}.Release|x86.Deploy.0 = Release|x86
		{BAB4A4FC-E95B-4B3B-B158-C2306A21C51A}.Debug|Any CPU.ActiveCfg = Debug|Any CPU
		{BAB4A4FC-E95B-4B3B-B158-C2306A21C51A}.Debug|Any CPU.Build.0 = Debug|Any CPU
		{BAB4A4FC-E95B-4B3B-B158-C2306A21C51A}.Debug|Any CPU.Deploy.0 = Debug|Any CPU
		{BAB4A4FC-E95B-4B3B-B158-C2306A21C51A}.Debug|ARM.ActiveCfg = Debug|Any CPU
		{BAB4A4FC-E95B-4B3B-B158-C2306A21C51A}.Debug|ARM.Build.0 = Debug|Any CPU
		{BAB4A4FC-E95B-4B3B-B158-C2306A21C51A}.Debug|ARM.Deploy.0 = Debug|Any CPU
		{BAB4A4FC-E95B-4B3B-B158-C2306A21C51A}.Debug|iPhone.ActiveCfg = Debug|Any CPU
		{BAB4A4FC-E95B-4B3B-B158-C2306A21C51A}.Debug|iPhone.Build.0 = Debug|Any CPU
		{BAB4A4FC-E95B-4B3B-B158-C2306A21C51A}.Debug|iPhone.Deploy.0 = Debug|Any CPU
		{BAB4A4FC-E95B-4B3B-B158-C2306A21C51A}.Debug|iPhoneSimulator.ActiveCfg = Debug|Any CPU
		{BAB4A4FC-E95B-4B3B-B158-C2306A21C51A}.Debug|iPhoneSimulator.Build.0 = Debug|Any CPU
		{BAB4A4FC-E95B-4B3B-B158-C2306A21C51A}.Debug|iPhoneSimulator.Deploy.0 = Debug|Any CPU
		{BAB4A4FC-E95B-4B3B-B158-C2306A21C51A}.Debug|x64.ActiveCfg = Debug|Any CPU
		{BAB4A4FC-E95B-4B3B-B158-C2306A21C51A}.Debug|x64.Build.0 = Debug|Any CPU
		{BAB4A4FC-E95B-4B3B-B158-C2306A21C51A}.Debug|x64.Deploy.0 = Debug|Any CPU
		{BAB4A4FC-E95B-4B3B-B158-C2306A21C51A}.Debug|x86.ActiveCfg = Debug|Any CPU
		{BAB4A4FC-E95B-4B3B-B158-C2306A21C51A}.Debug|x86.Build.0 = Debug|Any CPU
		{BAB4A4FC-E95B-4B3B-B158-C2306A21C51A}.Debug|x86.Deploy.0 = Debug|Any CPU
		{BAB4A4FC-E95B-4B3B-B158-C2306A21C51A}.Release|Any CPU.ActiveCfg = Release|Any CPU
		{BAB4A4FC-E95B-4B3B-B158-C2306A21C51A}.Release|Any CPU.Build.0 = Release|Any CPU
		{BAB4A4FC-E95B-4B3B-B158-C2306A21C51A}.Release|Any CPU.Deploy.0 = Release|Any CPU
		{BAB4A4FC-E95B-4B3B-B158-C2306A21C51A}.Release|ARM.ActiveCfg = Release|Any CPU
		{BAB4A4FC-E95B-4B3B-B158-C2306A21C51A}.Release|ARM.Build.0 = Release|Any CPU
		{BAB4A4FC-E95B-4B3B-B158-C2306A21C51A}.Release|ARM.Deploy.0 = Release|Any CPU
		{BAB4A4FC-E95B-4B3B-B158-C2306A21C51A}.Release|iPhone.ActiveCfg = Release|Any CPU
		{BAB4A4FC-E95B-4B3B-B158-C2306A21C51A}.Release|iPhone.Build.0 = Release|Any CPU
		{BAB4A4FC-E95B-4B3B-B158-C2306A21C51A}.Release|iPhone.Deploy.0 = Release|Any CPU
		{BAB4A4FC-E95B-4B3B-B158-C2306A21C51A}.Release|iPhoneSimulator.ActiveCfg = Release|Any CPU
		{BAB4A4FC-E95B-4B3B-B158-C2306A21C51A}.Release|iPhoneSimulator.Build.0 = Release|Any CPU
		{BAB4A4FC-E95B-4B3B-B158-C2306A21C51A}.Release|iPhoneSimulator.Deploy.0 = Release|Any CPU
		{BAB4A4FC-E95B-4B3B-B158-C2306A21C51A}.Release|x64.ActiveCfg = Release|Any CPU
		{BAB4A4FC-E95B-4B3B-B158-C2306A21C51A}.Release|x64.Build.0 = Release|Any CPU
		{BAB4A4FC-E95B-4B3B-B158-C2306A21C51A}.Release|x64.Deploy.0 = Release|Any CPU
		{BAB4A4FC-E95B-4B3B-B158-C2306A21C51A}.Release|x86.ActiveCfg = Release|Any CPU
		{BAB4A4FC-E95B-4B3B-B158-C2306A21C51A}.Release|x86.Build.0 = Release|Any CPU
		{BAB4A4FC-E95B-4B3B-B158-C2306A21C51A}.Release|x86.Deploy.0 = Release|Any CPU
		{3FC205DC-9273-4382-884F-3F5A84E4D23A}.Debug|Any CPU.ActiveCfg = Debug|iPhone
		{3FC205DC-9273-4382-884F-3F5A84E4D23A}.Debug|ARM.ActiveCfg = Debug|iPhone
		{3FC205DC-9273-4382-884F-3F5A84E4D23A}.Debug|iPhone.ActiveCfg = Debug|iPhone
		{3FC205DC-9273-4382-884F-3F5A84E4D23A}.Debug|iPhone.Build.0 = Debug|iPhone
		{3FC205DC-9273-4382-884F-3F5A84E4D23A}.Debug|iPhoneSimulator.ActiveCfg = Debug|iPhoneSimulator
		{3FC205DC-9273-4382-884F-3F5A84E4D23A}.Debug|iPhoneSimulator.Build.0 = Debug|iPhoneSimulator
		{3FC205DC-9273-4382-884F-3F5A84E4D23A}.Debug|x64.ActiveCfg = Debug|iPhone
		{3FC205DC-9273-4382-884F-3F5A84E4D23A}.Debug|x86.ActiveCfg = Debug|iPhone
		{3FC205DC-9273-4382-884F-3F5A84E4D23A}.Release|Any CPU.ActiveCfg = Release|iPhone
		{3FC205DC-9273-4382-884F-3F5A84E4D23A}.Release|ARM.ActiveCfg = Release|iPhone
		{3FC205DC-9273-4382-884F-3F5A84E4D23A}.Release|iPhone.ActiveCfg = Release|iPhone
		{3FC205DC-9273-4382-884F-3F5A84E4D23A}.Release|iPhone.Build.0 = Release|iPhone
		{3FC205DC-9273-4382-884F-3F5A84E4D23A}.Release|iPhoneSimulator.ActiveCfg = Release|iPhoneSimulator
		{3FC205DC-9273-4382-884F-3F5A84E4D23A}.Release|iPhoneSimulator.Build.0 = Release|iPhoneSimulator
		{3FC205DC-9273-4382-884F-3F5A84E4D23A}.Release|x64.ActiveCfg = Release|iPhone
		{3FC205DC-9273-4382-884F-3F5A84E4D23A}.Release|x86.ActiveCfg = Release|iPhone
		{51DA4377-E16A-4A1F-B732-1549C12CA705}.Debug|Any CPU.ActiveCfg = Debug|Any CPU
		{51DA4377-E16A-4A1F-B732-1549C12CA705}.Debug|Any CPU.Build.0 = Debug|Any CPU
		{51DA4377-E16A-4A1F-B732-1549C12CA705}.Debug|ARM.ActiveCfg = Debug|Any CPU
		{51DA4377-E16A-4A1F-B732-1549C12CA705}.Debug|ARM.Build.0 = Debug|Any CPU
		{51DA4377-E16A-4A1F-B732-1549C12CA705}.Debug|iPhone.ActiveCfg = Debug|Any CPU
		{51DA4377-E16A-4A1F-B732-1549C12CA705}.Debug|iPhone.Build.0 = Debug|Any CPU
		{51DA4377-E16A-4A1F-B732-1549C12CA705}.Debug|iPhoneSimulator.ActiveCfg = Debug|Any CPU
		{51DA4377-E16A-4A1F-B732-1549C12CA705}.Debug|iPhoneSimulator.Build.0 = Debug|Any CPU
		{51DA4377-E16A-4A1F-B732-1549C12CA705}.Debug|x64.ActiveCfg = Debug|Any CPU
		{51DA4377-E16A-4A1F-B732-1549C12CA705}.Debug|x64.Build.0 = Debug|Any CPU
		{51DA4377-E16A-4A1F-B732-1549C12CA705}.Debug|x86.ActiveCfg = Debug|Any CPU
		{51DA4377-E16A-4A1F-B732-1549C12CA705}.Debug|x86.Build.0 = Debug|Any CPU
		{51DA4377-E16A-4A1F-B732-1549C12CA705}.Release|Any CPU.ActiveCfg = Release|Any CPU
		{51DA4377-E16A-4A1F-B732-1549C12CA705}.Release|Any CPU.Build.0 = Release|Any CPU
		{51DA4377-E16A-4A1F-B732-1549C12CA705}.Release|ARM.ActiveCfg = Release|Any CPU
		{51DA4377-E16A-4A1F-B732-1549C12CA705}.Release|ARM.Build.0 = Release|Any CPU
		{51DA4377-E16A-4A1F-B732-1549C12CA705}.Release|iPhone.ActiveCfg = Release|Any CPU
		{51DA4377-E16A-4A1F-B732-1549C12CA705}.Release|iPhone.Build.0 = Release|Any CPU
		{51DA4377-E16A-4A1F-B732-1549C12CA705}.Release|iPhoneSimulator.ActiveCfg = Release|Any CPU
		{51DA4377-E16A-4A1F-B732-1549C12CA705}.Release|iPhoneSimulator.Build.0 = Release|Any CPU
		{51DA4377-E16A-4A1F-B732-1549C12CA705}.Release|x64.ActiveCfg = Release|Any CPU
		{51DA4377-E16A-4A1F-B732-1549C12CA705}.Release|x64.Build.0 = Release|Any CPU
		{51DA4377-E16A-4A1F-B732-1549C12CA705}.Release|x86.ActiveCfg = Release|Any CPU
		{51DA4377-E16A-4A1F-B732-1549C12CA705}.Release|x86.Build.0 = Release|Any CPU
	EndGlobalSection
	GlobalSection(SolutionProperties) = preSolution
		HideSolutionNode = FALSE
	EndGlobalSection
	GlobalSection(NestedProjects) = preSolution
		{F85EACED-FAF5-48C3-BFEE-C648A7907721} = {67187DC5-207E-4E63-AF4F-F92512E27B11}
		{35185128-ECC3-4498-A517-95790E166307} = {B8983543-639B-439F-A6DE-B4A9F2E83FC0}
		{BAB4A4FC-E95B-4B3B-B158-C2306A21C51A} = {B8983543-639B-439F-A6DE-B4A9F2E83FC0}
		{3FC205DC-9273-4382-884F-3F5A84E4D23A} = {B8983543-639B-439F-A6DE-B4A9F2E83FC0}
		{51DA4377-E16A-4A1F-B732-1549C12CA705} = {B8983543-639B-439F-A6DE-B4A9F2E83FC0}
	EndGlobalSection
	GlobalSection(ExtensibilityGlobals) = postSolution
		SolutionGuid = {FCEC95C1-06C3-461E-9274-887A6A3A5043}
	EndGlobalSection
EndGlobal
